
Microsoft Visual Studio Solution File, Format Version 12.00
# Visual Studio Version 17
VisualStudioVersion = 17.1.32421.90
MinimumVisualStudioVersion = 10.0.40219.1
Project("{FAE04EC0-301F-11D3-BF4B-00C04F79EFBC}") = "Prime_Number_Evaluator", "Prime_Number_Evaluator\Prime_Number_Evaluator.csproj", "{212B744C-CD46-4323-B28D-B937EBDFFE04}"
EndProject
Global
	GlobalSection(SolutionConfigurationPlatforms) = preSolution
		Debug|Any CPU = Debug|Any CPU
		Release|Any CPU = Release|Any CPU
	EndGlobalSection
	GlobalSection(ProjectConfigurationPlatforms) = postSolution
		{212B744C-CD46-4323-B28D-B937EBDFFE04}.Debug|Any CPU.ActiveCfg = Debug|Any CPU
		{212B744C-CD46-4323-B28D-B937EBDFFE04}.Debug|Any CPU.Build.0 = Debug|Any CPU
		{212B744C-CD46-4323-B28D-B937EBDFFE04}.Release|Any CPU.ActiveCfg = Release|Any CPU
		{212B744C-CD46-4323-B28D-B937EBDFFE04}.Release|Any CPU.Build.0 = Release|Any CPU
	EndGlobalSection
	GlobalSection(SolutionProperties) = preSolution
		HideSolutionNode = FALSE
	EndGlobalSection
	GlobalSection(ExtensibilityGlobals) = postSolution
		SolutionGuid = {9907B035-DEF2-489D-BD91-334D4D6278C5}
	EndGlobalSection
EndGlobal
